{
  "name": "HackOhio11",
  "lockfileVersion": 3,
  "requires": true,
  "packages": {
    "": {
      "dependencies": {
        "dijkstrajs": "^1.0.3",
        "room-finder": "^0.4.3"
      }
    },
    "node_modules/core-js": {
      "version": "3.33.1",
      "resolved": "https://registry.npmjs.org/core-js/-/core-js-3.33.1.tgz",
      "integrity": "sha512-qVSq3s+d4+GsqN0teRCJtM6tdEEXyWxjzbhVrCHmBS5ZTM0FS2MOS0D13dUXAWDUN6a+lHI/N1hF9Ytz6iLl9Q==",
      "hasInstallScript": true,
      "funding": {
        "type": "opencollective",
        "url": "https://opencollective.com/core-js"
      }
    },
    "node_modules/dijkstrajs": {
      "version": "1.0.3",
      "resolved": "https://registry.npmjs.org/dijkstrajs/-/dijkstrajs-1.0.3.tgz",
      "integrity": "sha512-qiSlmBq9+BCdCA/L46dw8Uy93mloxsPSbwnm5yrKn2vMPiy8KyAskTF6zuV/j5BMsmOGZDPs7KjU+mjb670kfA=="
    },
    "node_modules/room-finder": {
      "version": "0.4.3",
      "resolved": "https://registry.npmjs.org/room-finder/-/room-finder-0.4.3.tgz",
      "integrity": "sha512-WgSMCWDqmM946RgjPn7mCrXyjZ5E2tfq4GB1gS99aMVg57vRKfmuPTQw5DEE3UP6Zgxn741fYU4Cg37TUhBVBQ==",
      "dependencies": {
        "core-js": "3",
        "dijkstrajs": "^1.0.1"
      }
    }
  }
}
